
Microsoft Visual Studio Solution File, Format Version 12.00
# Visual Studio Version 17
VisualStudioVersion = 17.1.32328.378
MinimumVisualStudioVersion = 10.0.40219.1
Project("{FAE04EC0-301F-11D3-BF4B-00C04F79EFBC}") = "note_app", "note_app\note_app.csproj", "{75ABF2E8-C09F-4446-BC20-C2AC0F3C38EB}"
EndProject
Global
	GlobalSection(SolutionConfigurationPlatforms) = preSolution
		Debug|Any CPU = Debug|Any CPU
		Release|Any CPU = Release|Any CPU
	EndGlobalSection
	GlobalSection(ProjectConfigurationPlatforms) = postSolution
		{75ABF2E8-C09F-4446-BC20-C2AC0F3C38EB}.Debug|Any CPU.ActiveCfg = Debug|Any CPU
		{75ABF2E8-C09F-4446-BC20-C2AC0F3C38EB}.Debug|Any CPU.Build.0 = Debug|Any CPU
		{75ABF2E8-C09F-4446-BC20-C2AC0F3C38EB}.Release|Any CPU.ActiveCfg = Release|Any CPU
		{75ABF2E8-C09F-4446-BC20-C2AC0F3C38EB}.Release|Any CPU.Build.0 = Release|Any CPU
	EndGlobalSection
	GlobalSection(SolutionProperties) = preSolution
		HideSolutionNode = FALSE
	EndGlobalSection
	GlobalSection(ExtensibilityGlobals) = postSolution
		SolutionGuid = {B60A5410-A5CB-4D2A-84CA-F8AA636E77E5}
	EndGlobalSection
EndGlobal
